
Microsoft Visual Studio Solution File, Format Version 12.00
# Visual Studio 15
VisualStudioVersion = 15.0.27703.2000
MinimumVisualStudioVersion = 10.0.40219.1
Project("{D954291E-2A0B-460D-934E-DC6B0785DB48}") = "CslaAspNetCoreIdentityTiers.Business", "CslaAspNetCoreIdentityTiers.Business\CslaAspNetCoreIdentityTiers.Business.shproj", "{4F1523AD-85E0-49F3-A015-76E1DD85FAB1}"
EndProject
Project("{9A19103F-16F7-4668-BE54-9A1E7A4F7556}") = "CslaAspNetCoreIdentityTiers.Business.NetStandard", "CslaAspNetCoreIdentityTiers.Business.NetStandard\CslaAspNetCoreIdentityTiers.Business.NetStandard.csproj", "{0F263D82-0D24-489B-9491-CC0BBD7E22AF}"
EndProject
Project("{9A19103F-16F7-4668-BE54-9A1E7A4F7556}") = "CslaAspNetCoreIdentityTiers.Dal", "CslaAspNetCoreIdentityTiers.Dal\CslaAspNetCoreIdentityTiers.Dal.csproj", "{642A1B9B-7326-4137-863E-16815657C2BB}"
EndProject
Project("{9A19103F-16F7-4668-BE54-9A1E7A4F7556}") = "CslaAspNetCoreIdentityTiers.DalEf", "CslaAspNetCoreIdentityTiers.DalEf\CslaAspNetCoreIdentityTiers.DalEf.csproj", "{AD6706CD-93B3-43FB-9871-3F226759E91F}"
EndProject
Project("{FAE04EC0-301F-11D3-BF4B-00C04F79EFBC}") = "CslaAspNetCoreIdentityTiers.Business.Net", "CslaAspNetCoreIdentityTiers.Business.Net\CslaAspNetCoreIdentityTiers.Business.Net.csproj", "{8D177F84-1307-437A-B8A1-6D1375A9F10E}"
EndProject
Project("{FAE04EC0-301F-11D3-BF4B-00C04F79EFBC}") = "CslaAspNetCoreIdentityTiers.WindowsForms", "CslaAspNetCoreIdentityTiers.WindowsForms\CslaAspNetCoreIdentityTiers.WindowsForms.csproj", "{FD1A89D7-3483-442D-815D-F49305864AF5}"
EndProject
Project("{FAE04EC0-301F-11D3-BF4B-00C04F79EFBC}") = "CslaAspNetCoreIdentityTiers.AppService", "CslaAspNetCoreIdentityTiers.AppService\CslaAspNetCoreIdentityTiers.AppService.csproj", "{DC38AC9B-5E36-43AE-BF24-7521E75796FB}"
EndProject
Global
	GlobalSection(SharedMSBuildProjectFiles) = preSolution
		CslaAspNetCoreIdentityTiers.Business\CslaAspNetCoreIdentityTiers.Business.projitems*{4f1523ad-85e0-49f3-a015-76e1dd85fab1}*SharedItemsImports = 13
		CslaAspNetCoreIdentityTiers.Business\CslaAspNetCoreIdentityTiers.Business.projitems*{8d177f84-1307-437a-b8a1-6d1375a9f10e}*SharedItemsImports = 4
	EndGlobalSection
	GlobalSection(SolutionConfigurationPlatforms) = preSolution
		Ad-Hoc|Any CPU = Ad-Hoc|Any CPU
		Ad-Hoc|ARM = Ad-Hoc|ARM
		Ad-Hoc|iPhone = Ad-Hoc|iPhone
		Ad-Hoc|iPhoneSimulator = Ad-Hoc|iPhoneSimulator
		Ad-Hoc|x64 = Ad-Hoc|x64
		Ad-Hoc|x86 = Ad-Hoc|x86
		AppStore|Any CPU = AppStore|Any CPU
		AppStore|ARM = AppStore|ARM
		AppStore|iPhone = AppStore|iPhone
		AppStore|iPhoneSimulator = AppStore|iPhoneSimulator
		AppStore|x64 = AppStore|x64
		AppStore|x86 = AppStore|x86
		Debug|Any CPU = Debug|Any CPU
		Debug|ARM = Debug|ARM
		Debug|iPhone = Debug|iPhone
		Debug|iPhoneSimulator = Debug|iPhoneSimulator
		Debug|x64 = Debug|x64
		Debug|x86 = Debug|x86
		Release|Any CPU = Release|Any CPU
		Release|ARM = Release|ARM
		Release|iPhone = Release|iPhone
		Release|iPhoneSimulator = Release|iPhoneSimulator
		Release|x64 = Release|x64
		Release|x86 = Release|x86
	EndGlobalSection
	GlobalSection(ProjectConfigurationPlatforms) = postSolution
		{0F263D82-0D24-489B-9491-CC0BBD7E22AF}.Ad-Hoc|Any CPU.ActiveCfg = Debug|Any CPU
		{0F263D82-0D24-489B-9491-CC0BBD7E22AF}.Ad-Hoc|Any CPU.Build.0 = Debug|Any CPU
		{0F263D82-0D24-489B-9491-CC0BBD7E22AF}.Ad-Hoc|ARM.ActiveCfg = Debug|Any CPU
		{0F263D82-0D24-489B-9491-CC0BBD7E22AF}.Ad-Hoc|ARM.Build.0 = Debug|Any CPU
		{0F263D82-0D24-489B-9491-CC0BBD7E22AF}.Ad-Hoc|iPhone.ActiveCfg = Debug|Any CPU
		{0F263D82-0D24-489B-9491-CC0BBD7E22AF}.Ad-Hoc|iPhone.Build.0 = Debug|Any CPU
		{0F263D82-0D24-489B-9491-CC0BBD7E22AF}.Ad-Hoc|iPhoneSimulator.ActiveCfg = Debug|Any CPU
		{0F263D82-0D24-489B-9491-CC0BBD7E22AF}.Ad-Hoc|iPhoneSimulator.Build.0 = Debug|Any CPU
		{0F263D82-0D24-489B-9491-CC0BBD7E22AF}.Ad-Hoc|x64.ActiveCfg = Debug|Any CPU
		{0F263D82-0D24-489B-9491-CC0BBD7E22AF}.Ad-Hoc|x64.Build.0 = Debug|Any CPU
		{0F263D82-0D24-489B-9491-CC0BBD7E22AF}.Ad-Hoc|x86.ActiveCfg = Debug|Any CPU
		{0F263D82-0D24-489B-9491-CC0BBD7E22AF}.Ad-Hoc|x86.Build.0 = Debug|Any CPU
		{0F263D82-0D24-489B-9491-CC0BBD7E22AF}.AppStore|Any CPU.ActiveCfg = Debug|Any CPU
		{0F263D82-0D24-489B-9491-CC0BBD7E22AF}.AppStore|Any CPU.Build.0 = Debug|Any CPU
		{0F263D82-0D24-489B-9491-CC0BBD7E22AF}.AppStore|ARM.ActiveCfg = Debug|Any CPU
		{0F263D82-0D24-489B-9491-CC0BBD7E22AF}.AppStore|ARM.Build.0 = Debug|Any CPU
		{0F263D82-0D24-489B-9491-CC0BBD7E22AF}.AppStore|iPhone.ActiveCfg = Debug|Any CPU
		{0F263D82-0D24-489B-9491-CC0BBD7E22AF}.AppStore|iPhone.Build.0 = Debug|Any CPU
		{0F263D82-0D24-489B-9491-CC0BBD7E22AF}.AppStore|iPhoneSimulator.ActiveCfg = Debug|Any CPU
		{0F263D82-0D24-489B-9491-CC0BBD7E22AF}.AppStore|iPhoneSimulator.Build.0 = Debug|Any CPU
		{0F263D82-0D24-489B-9491-CC0BBD7E22AF}.AppStore|x64.ActiveCfg = Debug|Any CPU
		{0F263D82-0D24-489B-9491-CC0BBD7E22AF}.AppStore|x64.Build.0 = Debug|Any CPU
		{0F263D82-0D24-489B-9491-CC0BBD7E22AF}.AppStore|x86.ActiveCfg = Debug|Any CPU
		{0F263D82-0D24-489B-9491-CC0BBD7E22AF}.AppStore|x86.Build.0 = Debug|Any CPU
		{0F263D82-0D24-489B-9491-CC0BBD7E22AF}.Debug|Any CPU.ActiveCfg = Debug|Any CPU
		{0F263D82-0D24-489B-9491-CC0BBD7E22AF}.Debug|Any CPU.Build.0 = Debug|Any CPU
		{0F263D82-0D24-489B-9491-CC0BBD7E22AF}.Debug|ARM.ActiveCfg = Debug|Any CPU
		{0F263D82-0D24-489B-9491-CC0BBD7E22AF}.Debug|ARM.Build.0 = Debug|Any CPU
		{0F263D82-0D24-489B-9491-CC0BBD7E22AF}.Debug|iPhone.ActiveCfg = Debug|Any CPU
		{0F263D82-0D24-489B-9491-CC0BBD7E22AF}.Debug|iPhone.Build.0 = Debug|Any CPU
		{0F263D82-0D24-489B-9491-CC0BBD7E22AF}.Debug|iPhoneSimulator.ActiveCfg = Debug|Any CPU
		{0F263D82-0D24-489B-9491-CC0BBD7E22AF}.Debug|iPhoneSimulator.Build.0 = Debug|Any CPU
		{0F263D82-0D24-489B-9491-CC0BBD7E22AF}.Debug|x64.ActiveCfg = Debug|Any CPU
		{0F263D82-0D24-489B-9491-CC0BBD7E22AF}.Debug|x64.Build.0 = Debug|Any CPU
		{0F263D82-0D24-489B-9491-CC0BBD7E22AF}.Debug|x86.ActiveCfg = Debug|Any CPU
		{0F263D82-0D24-489B-9491-CC0BBD7E22AF}.Debug|x86.Build.0 = Debug|Any CPU
		{0F263D82-0D24-489B-9491-CC0BBD7E22AF}.Release|Any CPU.ActiveCfg = Release|Any CPU
		{0F263D82-0D24-489B-9491-CC0BBD7E22AF}.Release|Any CPU.Build.0 = Release|Any CPU
		{0F263D82-0D24-489B-9491-CC0BBD7E22AF}.Release|ARM.ActiveCfg = Release|Any CPU
		{0F263D82-0D24-489B-9491-CC0BBD7E22AF}.Release|ARM.Build.0 = Release|Any CPU
		{0F263D82-0D24-489B-9491-CC0BBD7E22AF}.Release|iPhone.ActiveCfg = Release|Any CPU
		{0F263D82-0D24-489B-9491-CC0BBD7E22AF}.Release|iPhone.Build.0 = Release|Any CPU
		{0F263D82-0D24-489B-9491-CC0BBD7E22AF}.Release|iPhoneSimulator.ActiveCfg = Release|Any CPU
		{0F263D82-0D24-489B-9491-CC0BBD7E22AF}.Release|iPhoneSimulator.Build.0 = Release|Any CPU
		{0F263D82-0D24-489B-9491-CC0BBD7E22AF}.Release|x64.ActiveCfg = Release|Any CPU
		{0F263D82-0D24-489B-9491-CC0BBD7E22AF}.Release|x64.Build.0 = Release|Any CPU
		{0F263D82-0D24-489B-9491-CC0BBD7E22AF}.Release|x86.ActiveCfg = Release|Any CPU
		{0F263D82-0D24-489B-9491-CC0BBD7E22AF}.Release|x86.Build.0 = Release|Any CPU
		{642A1B9B-7326-4137-863E-16815657C2BB}.Ad-Hoc|Any CPU.ActiveCfg = Debug|Any CPU
		{642A1B9B-7326-4137-863E-16815657C2BB}.Ad-Hoc|Any CPU.Build.0 = Debug|Any CPU
		{642A1B9B-7326-4137-863E-16815657C2BB}.Ad-Hoc|ARM.ActiveCfg = Debug|Any CPU
		{642A1B9B-7326-4137-863E-16815657C2BB}.Ad-Hoc|ARM.Build.0 = Debug|Any CPU
		{642A1B9B-7326-4137-863E-16815657C2BB}.Ad-Hoc|iPhone.ActiveCfg = Debug|Any CPU
		{642A1B9B-7326-4137-863E-16815657C2BB}.Ad-Hoc|iPhone.Build.0 = Debug|Any CPU
		{642A1B9B-7326-4137-863E-16815657C2BB}.Ad-Hoc|iPhoneSimulator.ActiveCfg = Debug|Any CPU
		{642A1B9B-7326-4137-863E-16815657C2BB}.Ad-Hoc|iPhoneSimulator.Build.0 = Debug|Any CPU
		{642A1B9B-7326-4137-863E-16815657C2BB}.Ad-Hoc|x64.ActiveCfg = Debug|Any CPU
		{642A1B9B-7326-4137-863E-16815657C2BB}.Ad-Hoc|x64.Build.0 = Debug|Any CPU
		{642A1B9B-7326-4137-863E-16815657C2BB}.Ad-Hoc|x86.ActiveCfg = Debug|Any CPU
		{642A1B9B-7326-4137-863E-16815657C2BB}.Ad-Hoc|x86.Build.0 = Debug|Any CPU
		{642A1B9B-7326-4137-863E-16815657C2BB}.AppStore|Any CPU.ActiveCfg = Debug|Any CPU
		{642A1B9B-7326-4137-863E-16815657C2BB}.AppStore|Any CPU.Build.0 = Debug|Any CPU
		{642A1B9B-7326-4137-863E-16815657C2BB}.AppStore|ARM.ActiveCfg = Debug|Any CPU
		{642A1B9B-7326-4137-863E-16815657C2BB}.AppStore|ARM.Build.0 = Debug|Any CPU
		{642A1B9B-7326-4137-863E-16815657C2BB}.AppStore|iPhone.ActiveCfg = Debug|Any CPU
		{642A1B9B-7326-4137-863E-16815657C2BB}.AppStore|iPhone.Build.0 = Debug|Any CPU
		{642A1B9B-7326-4137-863E-16815657C2BB}.AppStore|iPhoneSimulator.ActiveCfg = Debug|Any CPU
		{642A1B9B-7326-4137-863E-16815657C2BB}.AppStore|iPhoneSimulator.Build.0 = Debug|Any CPU
		{642A1B9B-7326-4137-863E-16815657C2BB}.AppStore|x64.ActiveCfg = Debug|Any CPU
		{642A1B9B-7326-4137-863E-16815657C2BB}.AppStore|x64.Build.0 = Debug|Any CPU
		{642A1B9B-7326-4137-863E-16815657C2BB}.AppStore|x86.ActiveCfg = Debug|Any CPU
		{642A1B9B-7326-4137-863E-16815657C2BB}.AppStore|x86.Build.0 = Debug|Any CPU
		{642A1B9B-7326-4137-863E-16815657C2BB}.Debug|Any CPU.ActiveCfg = Debug|Any CPU
		{642A1B9B-7326-4137-863E-16815657C2BB}.Debug|Any CPU.Build.0 = Debug|Any CPU
		{642A1B9B-7326-4137-863E-16815657C2BB}.Debug|ARM.ActiveCfg = Debug|Any CPU
		{642A1B9B-7326-4137-863E-16815657C2BB}.Debug|ARM.Build.0 = Debug|Any CPU
		{642A1B9B-7326-4137-863E-16815657C2BB}.Debug|iPhone.ActiveCfg = Debug|Any CPU
		{642A1B9B-7326-4137-863E-16815657C2BB}.Debug|iPhone.Build.0 = Debug|Any CPU
		{642A1B9B-7326-4137-863E-16815657C2BB}.Debug|iPhoneSimulator.ActiveCfg = Debug|Any CPU
		{642A1B9B-7326-4137-863E-16815657C2BB}.Debug|iPhoneSimulator.Build.0 = Debug|Any CPU
		{642A1B9B-7326-4137-863E-16815657C2BB}.Debug|x64.ActiveCfg = Debug|Any CPU
		{642A1B9B-7326-4137-863E-16815657C2BB}.Debug|x64.Build.0 = Debug|Any CPU
		{642A1B9B-7326-4137-863E-16815657C2BB}.Debug|x86.ActiveCfg = Debug|Any CPU
		{642A1B9B-7326-4137-863E-16815657C2BB}.Debug|x86.Build.0 = Debug|Any CPU
		{642A1B9B-7326-4137-863E-16815657C2BB}.Release|Any CPU.ActiveCfg = Release|Any CPU
		{642A1B9B-7326-4137-863E-16815657C2BB}.Release|Any CPU.Build.0 = Release|Any CPU
		{642A1B9B-7326-4137-863E-16815657C2BB}.Release|ARM.ActiveCfg = Release|Any CPU
		{642A1B9B-7326-4137-863E-16815657C2BB}.Release|ARM.Build.0 = Release|Any CPU
		{642A1B9B-7326-4137-863E-16815657C2BB}.Release|iPhone.ActiveCfg = Release|Any CPU
		{642A1B9B-7326-4137-863E-16815657C2BB}.Release|iPhone.Build.0 = Release|Any CPU
		{642A1B9B-7326-4137-863E-16815657C2BB}.Release|iPhoneSimulator.ActiveCfg = Release|Any CPU
		{642A1B9B-7326-4137-863E-16815657C2BB}.Release|iPhoneSimulator.Build.0 = Release|Any CPU
		{642A1B9B-7326-4137-863E-16815657C2BB}.Release|x64.ActiveCfg = Release|Any CPU
		{642A1B9B-7326-4137-863E-16815657C2BB}.Release|x64.Build.0 = Release|Any CPU
		{642A1B9B-7326-4137-863E-16815657C2BB}.Release|x86.ActiveCfg = Release|Any CPU
		{642A1B9B-7326-4137-863E-16815657C2BB}.Release|x86.Build.0 = Release|Any CPU
		{AD6706CD-93B3-43FB-9871-3F226759E91F}.Ad-Hoc|Any CPU.ActiveCfg = Debug|Any CPU
		{AD6706CD-93B3-43FB-9871-3F226759E91F}.Ad-Hoc|Any CPU.Build.0 = Debug|Any CPU
		{AD6706CD-93B3-43FB-9871-3F226759E91F}.Ad-Hoc|ARM.ActiveCfg = Debug|Any CPU
		{AD6706CD-93B3-43FB-9871-3F226759E91F}.Ad-Hoc|ARM.Build.0 = Debug|Any CPU
		{AD6706CD-93B3-43FB-9871-3F226759E91F}.Ad-Hoc|iPhone.ActiveCfg = Debug|Any CPU
		{AD6706CD-93B3-43FB-9871-3F226759E91F}.Ad-Hoc|iPhone.Build.0 = Debug|Any CPU
		{AD6706CD-93B3-43FB-9871-3F226759E91F}.Ad-Hoc|iPhoneSimulator.ActiveCfg = Debug|Any CPU
		{AD6706CD-93B3-43FB-9871-3F226759E91F}.Ad-Hoc|iPhoneSimulator.Build.0 = Debug|Any CPU
		{AD6706CD-93B3-43FB-9871-3F226759E91F}.Ad-Hoc|x64.ActiveCfg = Debug|Any CPU
		{AD6706CD-93B3-43FB-9871-3F226759E91F}.Ad-Hoc|x64.Build.0 = Debug|Any CPU
		{AD6706CD-93B3-43FB-9871-3F226759E91F}.Ad-Hoc|x86.ActiveCfg = Debug|Any CPU
		{AD6706CD-93B3-43FB-9871-3F226759E91F}.Ad-Hoc|x86.Build.0 = Debug|Any CPU
		{AD6706CD-93B3-43FB-9871-3F226759E91F}.AppStore|Any CPU.ActiveCfg = Debug|Any CPU
		{AD6706CD-93B3-43FB-9871-3F226759E91F}.AppStore|Any CPU.Build.0 = Debug|Any CPU
		{AD6706CD-93B3-43FB-9871-3F226759E91F}.AppStore|ARM.ActiveCfg = Debug|Any CPU
		{AD6706CD-93B3-43FB-9871-3F226759E91F}.AppStore|ARM.Build.0 = Debug|Any CPU
		{AD6706CD-93B3-43FB-9871-3F226759E91F}.AppStore|iPhone.ActiveCfg = Debug|Any CPU
		{AD6706CD-93B3-43FB-9871-3F226759E91F}.AppStore|iPhone.Build.0 = Debug|Any CPU
		{AD6706CD-93B3-43FB-9871-3F226759E91F}.AppStore|iPhoneSimulator.ActiveCfg = Debug|Any CPU
		{AD6706CD-93B3-43FB-9871-3F226759E91F}.AppStore|iPhoneSimulator.Build.0 = Debug|Any CPU
		{AD6706CD-93B3-43FB-9871-3F226759E91F}.AppStore|x64.ActiveCfg = Debug|Any CPU
		{AD6706CD-93B3-43FB-9871-3F226759E91F}.AppStore|x64.Build.0 = Debug|Any CPU
		{AD6706CD-93B3-43FB-9871-3F226759E91F}.AppStore|x86.ActiveCfg = Debug|Any CPU
		{AD6706CD-93B3-43FB-9871-3F226759E91F}.AppStore|x86.Build.0 = Debug|Any CPU
		{AD6706CD-93B3-43FB-9871-3F226759E91F}.Debug|Any CPU.ActiveCfg = Debug|Any CPU
		{AD6706CD-93B3-43FB-9871-3F226759E91F}.Debug|Any CPU.Build.0 = Debug|Any CPU
		{AD6706CD-93B3-43FB-9871-3F226759E91F}.Debug|ARM.ActiveCfg = Debug|Any CPU
		{AD6706CD-93B3-43FB-9871-3F226759E91F}.Debug|ARM.Build.0 = Debug|Any CPU
		{AD6706CD-93B3-43FB-9871-3F226759E91F}.Debug|iPhone.ActiveCfg = Debug|Any CPU
		{AD6706CD-93B3-43FB-9871-3F226759E91F}.Debug|iPhone.Build.0 = Debug|Any CPU
		{AD6706CD-93B3-43FB-9871-3F226759E91F}.Debug|iPhoneSimulator.ActiveCfg = Debug|Any CPU
		{AD6706CD-93B3-43FB-9871-3F226759E91F}.Debug|iPhoneSimulator.Build.0 = Debug|Any CPU
		{AD6706CD-93B3-43FB-9871-3F226759E91F}.Debug|x64.ActiveCfg = Debug|Any CPU
		{AD6706CD-93B3-43FB-9871-3F226759E91F}.Debug|x64.Build.0 = Debug|Any CPU
		{AD6706CD-93B3-43FB-9871-3F226759E91F}.Debug|x86.ActiveCfg = Debug|Any CPU
		{AD6706CD-93B3-43FB-9871-3F226759E91F}.Debug|x86.Build.0 = Debug|Any CPU
		{AD6706CD-93B3-43FB-9871-3F226759E91F}.Release|Any CPU.ActiveCfg = Release|Any CPU
		{AD6706CD-93B3-43FB-9871-3F226759E91F}.Release|Any CPU.Build.0 = Release|Any CPU
		{AD6706CD-93B3-43FB-9871-3F226759E91F}.Release|ARM.ActiveCfg = Release|Any CPU
		{AD6706CD-93B3-43FB-9871-3F226759E91F}.Release|ARM.Build.0 = Release|Any CPU
		{AD6706CD-93B3-43FB-9871-3F226759E91F}.Release|iPhone.ActiveCfg = Release|Any CPU
		{AD6706CD-93B3-43FB-9871-3F226759E91F}.Release|iPhone.Build.0 = Release|Any CPU
		{AD6706CD-93B3-43FB-9871-3F226759E91F}.Release|iPhoneSimulator.ActiveCfg = Release|Any CPU
		{AD6706CD-93B3-43FB-9871-3F226759E91F}.Release|iPhoneSimulator.Build.0 = Release|Any CPU
		{AD6706CD-93B3-43FB-9871-3F226759E91F}.Release|x64.ActiveCfg = Release|Any CPU
		{AD6706CD-93B3-43FB-9871-3F226759E91F}.Release|x64.Build.0 = Release|Any CPU
		{AD6706CD-93B3-43FB-9871-3F226759E91F}.Release|x86.ActiveCfg = Release|Any CPU
		{AD6706CD-93B3-43FB-9871-3F226759E91F}.Release|x86.Build.0 = Release|Any CPU
		{8D177F84-1307-437A-B8A1-6D1375A9F10E}.Ad-Hoc|Any CPU.ActiveCfg = Release|Any CPU
		{8D177F84-1307-437A-B8A1-6D1375A9F10E}.Ad-Hoc|Any CPU.Build.0 = Release|Any CPU
		{8D177F84-1307-437A-B8A1-6D1375A9F10E}.Ad-Hoc|ARM.ActiveCfg = Release|Any CPU
		{8D177F84-1307-437A-B8A1-6D1375A9F10E}.Ad-Hoc|ARM.Build.0 = Release|Any CPU
		{8D177F84-1307-437A-B8A1-6D1375A9F10E}.Ad-Hoc|iPhone.ActiveCfg = Release|Any CPU
		{8D177F84-1307-437A-B8A1-6D1375A9F10E}.Ad-Hoc|iPhone.Build.0 = Release|Any CPU
		{8D177F84-1307-437A-B8A1-6D1375A9F10E}.Ad-Hoc|iPhoneSimulator.ActiveCfg = Release|Any CPU
		{8D177F84-1307-437A-B8A1-6D1375A9F10E}.Ad-Hoc|iPhoneSimulator.Build.0 = Release|Any CPU
		{8D177F84-1307-437A-B8A1-6D1375A9F10E}.Ad-Hoc|x64.ActiveCfg = Release|Any CPU
		{8D177F84-1307-437A-B8A1-6D1375A9F10E}.Ad-Hoc|x64.Build.0 = Release|Any CPU
		{8D177F84-1307-437A-B8A1-6D1375A9F10E}.Ad-Hoc|x86.ActiveCfg = Release|Any CPU
		{8D177F84-1307-437A-B8A1-6D1375A9F10E}.Ad-Hoc|x86.Build.0 = Release|Any CPU
		{8D177F84-1307-437A-B8A1-6D1375A9F10E}.AppStore|Any CPU.ActiveCfg = Release|Any CPU
		{8D177F84-1307-437A-B8A1-6D1375A9F10E}.AppStore|Any CPU.Build.0 = Release|Any CPU
		{8D177F84-1307-437A-B8A1-6D1375A9F10E}.AppStore|ARM.ActiveCfg = Release|Any CPU
		{8D177F84-1307-437A-B8A1-6D1375A9F10E}.AppStore|ARM.Build.0 = Release|Any CPU
		{8D177F84-1307-437A-B8A1-6D1375A9F10E}.AppStore|iPhone.ActiveCfg = Release|Any CPU
		{8D177F84-1307-437A-B8A1-6D1375A9F10E}.AppStore|iPhone.Build.0 = Release|Any CPU
		{8D177F84-1307-437A-B8A1-6D1375A9F10E}.AppStore|iPhoneSimulator.ActiveCfg = Release|Any CPU
		{8D177F84-1307-437A-B8A1-6D1375A9F10E}.AppStore|iPhoneSimulator.Build.0 = Release|Any CPU
		{8D177F84-1307-437A-B8A1-6D1375A9F10E}.AppStore|x64.ActiveCfg = Release|Any CPU
		{8D177F84-1307-437A-B8A1-6D1375A9F10E}.AppStore|x64.Build.0 = Release|Any CPU
		{8D177F84-1307-437A-B8A1-6D1375A9F10E}.AppStore|x86.ActiveCfg = Release|Any CPU
		{8D177F84-1307-437A-B8A1-6D1375A9F10E}.AppStore|x86.Build.0 = Release|Any CPU
		{8D177F84-1307-437A-B8A1-6D1375A9F10E}.Debug|Any CPU.ActiveCfg = Debug|Any CPU
		{8D177F84-1307-437A-B8A1-6D1375A9F10E}.Debug|Any CPU.Build.0 = Debug|Any CPU
		{8D177F84-1307-437A-B8A1-6D1375A9F10E}.Debug|ARM.ActiveCfg = Debug|Any CPU
		{8D177F84-1307-437A-B8A1-6D1375A9F10E}.Debug|ARM.Build.0 = Debug|Any CPU
		{8D177F84-1307-437A-B8A1-6D1375A9F10E}.Debug|iPhone.ActiveCfg = Debug|Any CPU
		{8D177F84-1307-437A-B8A1-6D1375A9F10E}.Debug|iPhone.Build.0 = Debug|Any CPU
		{8D177F84-1307-437A-B8A1-6D1375A9F10E}.Debug|iPhoneSimulator.ActiveCfg = Debug|Any CPU
		{8D177F84-1307-437A-B8A1-6D1375A9F10E}.Debug|iPhoneSimulator.Build.0 = Debug|Any CPU
		{8D177F84-1307-437A-B8A1-6D1375A9F10E}.Debug|x64.ActiveCfg = Debug|Any CPU
		{8D177F84-1307-437A-B8A1-6D1375A9F10E}.Debug|x64.Build.0 = Debug|Any CPU
		{8D177F84-1307-437A-B8A1-6D1375A9F10E}.Debug|x86.ActiveCfg = Debug|Any CPU
		{8D177F84-1307-437A-B8A1-6D1375A9F10E}.Debug|x86.Build.0 = Debug|Any CPU
		{8D177F84-1307-437A-B8A1-6D1375A9F10E}.Release|Any CPU.ActiveCfg = Release|Any CPU
		{8D177F84-1307-437A-B8A1-6D1375A9F10E}.Release|Any CPU.Build.0 = Release|Any CPU
		{8D177F84-1307-437A-B8A1-6D1375A9F10E}.Release|ARM.ActiveCfg = Release|Any CPU
		{8D177F84-1307-437A-B8A1-6D1375A9F10E}.Release|ARM.Build.0 = Release|Any CPU
		{8D177F84-1307-437A-B8A1-6D1375A9F10E}.Release|iPhone.ActiveCfg = Release|Any CPU
		{8D177F84-1307-437A-B8A1-6D1375A9F10E}.Release|iPhone.Build.0 = Release|Any CPU
		{8D177F84-1307-437A-B8A1-6D1375A9F10E}.Release|iPhoneSimulator.ActiveCfg = Release|Any CPU
		{8D177F84-1307-437A-B8A1-6D1375A9F10E}.Release|iPhoneSimulator.Build.0 = Release|Any CPU
		{8D177F84-1307-437A-B8A1-6D1375A9F10E}.Release|x64.ActiveCfg = Release|Any CPU
		{8D177F84-1307-437A-B8A1-6D1375A9F10E}.Release|x64.Build.0 = Release|Any CPU
		{8D177F84-1307-437A-B8A1-6D1375A9F10E}.Release|x86.ActiveCfg = Release|Any CPU
		{8D177F84-1307-437A-B8A1-6D1375A9F10E}.Release|x86.Build.0 = Release|Any CPU
		{FD1A89D7-3483-442D-815D-F49305864AF5}.Ad-Hoc|Any CPU.ActiveCfg = Release|Any CPU
		{FD1A89D7-3483-442D-815D-F49305864AF5}.Ad-Hoc|Any CPU.Build.0 = Release|Any CPU
		{FD1A89D7-3483-442D-815D-F49305864AF5}.Ad-Hoc|ARM.ActiveCfg = Release|Any CPU
		{FD1A89D7-3483-442D-815D-F49305864AF5}.Ad-Hoc|ARM.Build.0 = Release|Any CPU
		{FD1A89D7-3483-442D-815D-F49305864AF5}.Ad-Hoc|iPhone.ActiveCfg = Release|Any CPU
		{FD1A89D7-3483-442D-815D-F49305864AF5}.Ad-Hoc|iPhone.Build.0 = Release|Any CPU
		{FD1A89D7-3483-442D-815D-F49305864AF5}.Ad-Hoc|iPhoneSimulator.ActiveCfg = Release|Any CPU
		{FD1A89D7-3483-442D-815D-F49305864AF5}.Ad-Hoc|iPhoneSimulator.Build.0 = Release|Any CPU
		{FD1A89D7-3483-442D-815D-F49305864AF5}.Ad-Hoc|x64.ActiveCfg = Release|Any CPU
		{FD1A89D7-3483-442D-815D-F49305864AF5}.Ad-Hoc|x64.Build.0 = Release|Any CPU
		{FD1A89D7-3483-442D-815D-F49305864AF5}.Ad-Hoc|x86.ActiveCfg = Release|Any CPU
		{FD1A89D7-3483-442D-815D-F49305864AF5}.Ad-Hoc|x86.Build.0 = Release|Any CPU
		{FD1A89D7-3483-442D-815D-F49305864AF5}.AppStore|Any CPU.ActiveCfg = Release|Any CPU
		{FD1A89D7-3483-442D-815D-F49305864AF5}.AppStore|Any CPU.Build.0 = Release|Any CPU
		{FD1A89D7-3483-442D-815D-F49305864AF5}.AppStore|ARM.ActiveCfg = Release|Any CPU
		{FD1A89D7-3483-442D-815D-F49305864AF5}.AppStore|ARM.Build.0 = Release|Any CPU
		{FD1A89D7-3483-442D-815D-F49305864AF5}.AppStore|iPhone.ActiveCfg = Release|Any CPU
		{FD1A89D7-3483-442D-815D-F49305864AF5}.AppStore|iPhone.Build.0 = Release|Any CPU
		{FD1A89D7-3483-442D-815D-F49305864AF5}.AppStore|iPhoneSimulator.ActiveCfg = Release|Any CPU
		{FD1A89D7-3483-442D-815D-F49305864AF5}.AppStore|iPhoneSimulator.Build.0 = Release|Any CPU
		{FD1A89D7-3483-442D-815D-F49305864AF5}.AppStore|x64.ActiveCfg = Release|Any CPU
		{FD1A89D7-3483-442D-815D-F49305864AF5}.AppStore|x64.Build.0 = Release|Any CPU
		{FD1A89D7-3483-442D-815D-F49305864AF5}.AppStore|x86.ActiveCfg = Release|Any CPU
		{FD1A89D7-3483-442D-815D-F49305864AF5}.AppStore|x86.Build.0 = Release|Any CPU
		{FD1A89D7-3483-442D-815D-F49305864AF5}.Debug|Any CPU.ActiveCfg = Debug|Any CPU
		{FD1A89D7-3483-442D-815D-F49305864AF5}.Debug|Any CPU.Build.0 = Debug|Any CPU
		{FD1A89D7-3483-442D-815D-F49305864AF5}.Debug|ARM.ActiveCfg = Debug|Any CPU
		{FD1A89D7-3483-442D-815D-F49305864AF5}.Debug|ARM.Build.0 = Debug|Any CPU
		{FD1A89D7-3483-442D-815D-F49305864AF5}.Debug|iPhone.ActiveCfg = Debug|Any CPU
		{FD1A89D7-3483-442D-815D-F49305864AF5}.Debug|iPhone.Build.0 = Debug|Any CPU
		{FD1A89D7-3483-442D-815D-F49305864AF5}.Debug|iPhoneSimulator.ActiveCfg = Debug|Any CPU
		{FD1A89D7-3483-442D-815D-F49305864AF5}.Debug|iPhoneSimulator.Build.0 = Debug|Any CPU
		{FD1A89D7-3483-442D-815D-F49305864AF5}.Debug|x64.ActiveCfg = Debug|Any CPU
		{FD1A89D7-3483-442D-815D-F49305864AF5}.Debug|x64.Build.0 = Debug|Any CPU
		{FD1A89D7-3483-442D-815D-F49305864AF5}.Debug|x86.ActiveCfg = Debug|Any CPU
		{FD1A89D7-3483-442D-815D-F49305864AF5}.Debug|x86.Build.0 = Debug|Any CPU
		{FD1A89D7-3483-442D-815D-F49305864AF5}.Release|Any CPU.ActiveCfg = Release|Any CPU
		{FD1A89D7-3483-442D-815D-F49305864AF5}.Release|Any CPU.Build.0 = Release|Any CPU
		{FD1A89D7-3483-442D-815D-F49305864AF5}.Release|ARM.ActiveCfg = Release|Any CPU
		{FD1A89D7-3483-442D-815D-F49305864AF5}.Release|ARM.Build.0 = Release|Any CPU
		{FD1A89D7-3483-442D-815D-F49305864AF5}.Release|iPhone.ActiveCfg = Release|Any CPU
		{FD1A89D7-3483-442D-815D-F49305864AF5}.Release|iPhone.Build.0 = Release|Any CPU
		{FD1A89D7-3483-442D-815D-F49305864AF5}.Release|iPhoneSimulator.ActiveCfg = Release|Any CPU
		{FD1A89D7-3483-442D-815D-F49305864AF5}.Release|iPhoneSimulator.Build.0 = Release|Any CPU
		{FD1A89D7-3483-442D-815D-F49305864AF5}.Release|x64.ActiveCfg = Release|Any CPU
		{FD1A89D7-3483-442D-815D-F49305864AF5}.Release|x64.Build.0 = Release|Any CPU
		{FD1A89D7-3483-442D-815D-F49305864AF5}.Release|x86.ActiveCfg = Release|Any CPU
		{FD1A89D7-3483-442D-815D-F49305864AF5}.Release|x86.Build.0 = Release|Any CPU
		{DC38AC9B-5E36-43AE-BF24-7521E75796FB}.Ad-Hoc|Any CPU.ActiveCfg = Debug|Any CPU
		{DC38AC9B-5E36-43AE-BF24-7521E75796FB}.Ad-Hoc|Any CPU.Build.0 = Debug|Any CPU
		{DC38AC9B-5E36-43AE-BF24-7521E75796FB}.Ad-Hoc|ARM.ActiveCfg = Debug|Any CPU
		{DC38AC9B-5E36-43AE-BF24-7521E75796FB}.Ad-Hoc|ARM.Build.0 = Debug|Any CPU
		{DC38AC9B-5E36-43AE-BF24-7521E75796FB}.Ad-Hoc|iPhone.ActiveCfg = Debug|Any CPU
		{DC38AC9B-5E36-43AE-BF24-7521E75796FB}.Ad-Hoc|iPhone.Build.0 = Debug|Any CPU
		{DC38AC9B-5E36-43AE-BF24-7521E75796FB}.Ad-Hoc|iPhoneSimulator.ActiveCfg = Debug|Any CPU
		{DC38AC9B-5E36-43AE-BF24-7521E75796FB}.Ad-Hoc|iPhoneSimulator.Build.0 = Debug|Any CPU
		{DC38AC9B-5E36-43AE-BF24-7521E75796FB}.Ad-Hoc|x64.ActiveCfg = Debug|Any CPU
		{DC38AC9B-5E36-43AE-BF24-7521E75796FB}.Ad-Hoc|x64.Build.0 = Debug|Any CPU
		{DC38AC9B-5E36-43AE-BF24-7521E75796FB}.Ad-Hoc|x86.ActiveCfg = Debug|Any CPU
		{DC38AC9B-5E36-43AE-BF24-7521E75796FB}.Ad-Hoc|x86.Build.0 = Debug|Any CPU
		{DC38AC9B-5E36-43AE-BF24-7521E75796FB}.AppStore|Any CPU.ActiveCfg = Debug|Any CPU
		{DC38AC9B-5E36-43AE-BF24-7521E75796FB}.AppStore|Any CPU.Build.0 = Debug|Any CPU
		{DC38AC9B-5E36-43AE-BF24-7521E75796FB}.AppStore|ARM.ActiveCfg = Debug|Any CPU
		{DC38AC9B-5E36-43AE-BF24-7521E75796FB}.AppStore|ARM.Build.0 = Debug|Any CPU
		{DC38AC9B-5E36-43AE-BF24-7521E75796FB}.AppStore|iPhone.ActiveCfg = Debug|Any CPU
		{DC38AC9B-5E36-43AE-BF24-7521E75796FB}.AppStore|iPhone.Build.0 = Debug|Any CPU
		{DC38AC9B-5E36-43AE-BF24-7521E75796FB}.AppStore|iPhoneSimulator.ActiveCfg = Debug|Any CPU
		{DC38AC9B-5E36-43AE-BF24-7521E75796FB}.AppStore|iPhoneSimulator.Build.0 = Debug|Any CPU
		{DC38AC9B-5E36-43AE-BF24-7521E75796FB}.AppStore|x64.ActiveCfg = Debug|Any CPU
		{DC38AC9B-5E36-43AE-BF24-7521E75796FB}.AppStore|x64.Build.0 = Debug|Any CPU
		{DC38AC9B-5E36-43AE-BF24-7521E75796FB}.AppStore|x86.ActiveCfg = Debug|Any CPU
		{DC38AC9B-5E36-43AE-BF24-7521E75796FB}.AppStore|x86.Build.0 = Debug|Any CPU
		{DC38AC9B-5E36-43AE-BF24-7521E75796FB}.Debug|Any CPU.ActiveCfg = Debug|Any CPU
		{DC38AC9B-5E36-43AE-BF24-7521E75796FB}.Debug|Any CPU.Build.0 = Debug|Any CPU
		{DC38AC9B-5E36-43AE-BF24-7521E75796FB}.Debug|ARM.ActiveCfg = Debug|Any CPU
		{DC38AC9B-5E36-43AE-BF24-7521E75796FB}.Debug|ARM.Build.0 = Debug|Any CPU
		{DC38AC9B-5E36-43AE-BF24-7521E75796FB}.Debug|iPhone.ActiveCfg = Debug|Any CPU
		{DC38AC9B-5E36-43AE-BF24-7521E75796FB}.Debug|iPhone.Build.0 = Debug|Any CPU
		{DC38AC9B-5E36-43AE-BF24-7521E75796FB}.Debug|iPhoneSimulator.ActiveCfg = Debug|Any CPU
		{DC38AC9B-5E36-43AE-BF24-7521E75796FB}.Debug|iPhoneSimulator.Build.0 = Debug|Any CPU
		{DC38AC9B-5E36-43AE-BF24-7521E75796FB}.Debug|x64.ActiveCfg = Debug|Any CPU
		{DC38AC9B-5E36-43AE-BF24-7521E75796FB}.Debug|x64.Build.0 = Debug|Any CPU
		{DC38AC9B-5E36-43AE-BF24-7521E75796FB}.Debug|x86.ActiveCfg = Debug|Any CPU
		{DC38AC9B-5E36-43AE-BF24-7521E75796FB}.Debug|x86.Build.0 = Debug|Any CPU
		{DC38AC9B-5E36-43AE-BF24-7521E75796FB}.Release|Any CPU.ActiveCfg = Release|Any CPU
		{DC38AC9B-5E36-43AE-BF24-7521E75796FB}.Release|Any CPU.Build.0 = Release|Any CPU
		{DC38AC9B-5E36-43AE-BF24-7521E75796FB}.Release|ARM.ActiveCfg = Release|Any CPU
		{DC38AC9B-5E36-43AE-BF24-7521E75796FB}.Release|ARM.Build.0 = Release|Any CPU
		{DC38AC9B-5E36-43AE-BF24-7521E75796FB}.Release|iPhone.ActiveCfg = Release|Any CPU
		{DC38AC9B-5E36-43AE-BF24-7521E75796FB}.Release|iPhone.Build.0 = Release|Any CPU
		{DC38AC9B-5E36-43AE-BF24-7521E75796FB}.Release|iPhoneSimulator.ActiveCfg = Release|Any CPU
		{DC38AC9B-5E36-43AE-BF24-7521E75796FB}.Release|iPhoneSimulator.Build.0 = Release|Any CPU
		{DC38AC9B-5E36-43AE-BF24-7521E75796FB}.Release|x64.ActiveCfg = Release|Any CPU
		{DC38AC9B-5E36-43AE-BF24-7521E75796FB}.Release|x64.Build.0 = Release|Any CPU
		{DC38AC9B-5E36-43AE-BF24-7521E75796FB}.Release|x86.ActiveCfg = Release|Any CPU
		{DC38AC9B-5E36-43AE-BF24-7521E75796FB}.Release|x86.Build.0 = Release|Any CPU
	EndGlobalSection
	GlobalSection(SolutionProperties) = preSolution
		HideSolutionNode = FALSE
	EndGlobalSection
	GlobalSection(ExtensibilityGlobals) = postSolution
		SolutionGuid = {112F9926-4F07-4CBA-B41D-77F69D1850CB}
	EndGlobalSection
EndGlobal
